
Microsoft Visual Studio Solution File, Format Version 12.00
# Visual Studio Version 17
VisualStudioVersion = 17.5.33516.290
MinimumVisualStudioVersion = 10.0.40219.1
Project("{FAE04EC0-301F-11D3-BF4B-00C04F79EFBC}") = "TicketsApp", "TicketsApp\TicketsApp.csproj", "{0468B453-C924-4D50-9B56-191A244612D3}"
EndProject
Global
	GlobalSection(SolutionConfigurationPlatforms) = preSolution
		Debug|Any CPU = Debug|Any CPU
		Release|Any CPU = Release|Any CPU
	EndGlobalSection
	GlobalSection(ProjectConfigurationPlatforms) = postSolution
		{0468B453-C924-4D50-9B56-191A244612D3}.Debug|Any CPU.ActiveCfg = Debug|Any CPU
		{0468B453-C924-4D50-9B56-191A244612D3}.Debug|Any CPU.Build.0 = Debug|Any CPU
		{0468B453-C924-4D50-9B56-191A244612D3}.Release|Any CPU.ActiveCfg = Release|Any CPU
		{0468B453-C924-4D50-9B56-191A244612D3}.Release|Any CPU.Build.0 = Release|Any CPU
	EndGlobalSection
	GlobalSection(SolutionProperties) = preSolution
		HideSolutionNode = FALSE
	EndGlobalSection
	GlobalSection(ExtensibilityGlobals) = postSolution
		SolutionGuid = {A2A2658D-5A78-4740-B507-72A4B44E006C}
	EndGlobalSection
EndGlobal
